
Microsoft Visual Studio Solution File, Format Version 12.00
# Visual Studio Version 17
VisualStudioVersion = 17.2.32519.379
MinimumVisualStudioVersion = 10.0.40219.1
Project("{9A19103F-16F7-4668-BE54-9A1E7A4F7556}") = "Claims", "Claims\Claims.csproj", "{268F67FB-056D-4843-8823-19A5F7848271}"
EndProject
Project("{2150E333-8FDC-42A3-9474-1A3956D46DE8}") = "Tests", "Tests", "{003F7774-8202-4837-8C40-72297F3876C1}"
EndProject
Project("{FAE04EC0-301F-11D3-BF4B-00C04F79EFBC}") = "Claims.Tests", "Claims.Tests\Claims.Tests.csproj", "{EC846D1B-22B5-4CED-B0CB-778EBFEE1C33}"
EndProject
Project("{2150E333-8FDC-42A3-9474-1A3956D46DE8}") = "Solution Items", "Solution Items", "{8CFB0A29-7BAB-4D83-8A3E-7E5ECFC5A8BB}"
	ProjectSection(SolutionItems) = preProject
		.gitignore = .gitignore
		README.md = README.md
	EndProjectSection
EndProject
Project("{2150E333-8FDC-42A3-9474-1A3956D46DE8}") = "Core", "Core", "{02EA681E-C7D8-13C7-8484-4AC65E1B71E8}"
EndProject
Project("{FAE04EC0-301F-11D3-BF4B-00C04F79EFBC}") = "Claims.Application", "Claims.Application\Claims.Application.csproj", "{42F02E44-15EA-4581-824E-426233AC8489}"
EndProject
Project("{2150E333-8FDC-42A3-9474-1A3956D46DE8}") = "Claims.Domain", "Claims.Domain", "{10AE3EDD-2B1E-43F3-9799-24EBD7DF024B}"
EndProject
Project("{FAE04EC0-301F-11D3-BF4B-00C04F79EFBC}") = "Claims.Domain", "Claims.Domain\Claims.Domain.csproj", "{8596AFDC-8584-43B2-962D-0812771A4E8E}"
EndProject
Project("{2150E333-8FDC-42A3-9474-1A3956D46DE8}") = "Claims.Application", "Claims.Application", "{5B7E86EF-5F2F-4ED8-9213-08BA409A32E4}"
EndProject
Project("{2150E333-8FDC-42A3-9474-1A3956D46DE8}") = "Infrastructure", "Infrastructure", "{7E9FF68F-430B-4FEE-9F5E-9911ACDA2AB4}"
EndProject
Project("{2150E333-8FDC-42A3-9474-1A3956D46DE8}") = "Claims.Infrastructure", "Claims.Infrastructure", "{18AB2FC8-51EC-4961-BB44-7CF4C41AB1AE}"
EndProject
Project("{FAE04EC0-301F-11D3-BF4B-00C04F79EFBC}") = "Claims.Infrastructure", "Claims.Infrastructure\Claims.Infrastructure.csproj", "{A5F6D920-E0C8-40FC-A66F-9E3F3D220726}"
EndProject
Project("{2150E333-8FDC-42A3-9474-1A3956D46DE8}") = "Presentation", "Presentation", "{DD846C49-D774-4EC7-ADEB-92226A786A05}"
EndProject
Global
	GlobalSection(SolutionConfigurationPlatforms) = preSolution
		Debug|Any CPU = Debug|Any CPU
		Release|Any CPU = Release|Any CPU
	EndGlobalSection
	GlobalSection(ProjectConfigurationPlatforms) = postSolution
		{268F67FB-056D-4843-8823-19A5F7848271}.Debug|Any CPU.ActiveCfg = Debug|Any CPU
		{268F67FB-056D-4843-8823-19A5F7848271}.Debug|Any CPU.Build.0 = Debug|Any CPU
		{268F67FB-056D-4843-8823-19A5F7848271}.Release|Any CPU.ActiveCfg = Release|Any CPU
		{268F67FB-056D-4843-8823-19A5F7848271}.Release|Any CPU.Build.0 = Release|Any CPU
		{EC846D1B-22B5-4CED-B0CB-778EBFEE1C33}.Debug|Any CPU.ActiveCfg = Debug|Any CPU
		{EC846D1B-22B5-4CED-B0CB-778EBFEE1C33}.Debug|Any CPU.Build.0 = Debug|Any CPU
		{EC846D1B-22B5-4CED-B0CB-778EBFEE1C33}.Release|Any CPU.ActiveCfg = Release|Any CPU
		{EC846D1B-22B5-4CED-B0CB-778EBFEE1C33}.Release|Any CPU.Build.0 = Release|Any CPU
		{42F02E44-15EA-4581-824E-426233AC8489}.Debug|Any CPU.ActiveCfg = Debug|Any CPU
		{42F02E44-15EA-4581-824E-426233AC8489}.Debug|Any CPU.Build.0 = Debug|Any CPU
		{42F02E44-15EA-4581-824E-426233AC8489}.Release|Any CPU.ActiveCfg = Release|Any CPU
		{42F02E44-15EA-4581-824E-426233AC8489}.Release|Any CPU.Build.0 = Release|Any CPU
		{8596AFDC-8584-43B2-962D-0812771A4E8E}.Debug|Any CPU.ActiveCfg = Debug|Any CPU
		{8596AFDC-8584-43B2-962D-0812771A4E8E}.Debug|Any CPU.Build.0 = Debug|Any CPU
		{8596AFDC-8584-43B2-962D-0812771A4E8E}.Release|Any CPU.ActiveCfg = Release|Any CPU
		{8596AFDC-8584-43B2-962D-0812771A4E8E}.Release|Any CPU.Build.0 = Release|Any CPU
		{A5F6D920-E0C8-40FC-A66F-9E3F3D220726}.Debug|Any CPU.ActiveCfg = Debug|Any CPU
		{A5F6D920-E0C8-40FC-A66F-9E3F3D220726}.Debug|Any CPU.Build.0 = Debug|Any CPU
		{A5F6D920-E0C8-40FC-A66F-9E3F3D220726}.Release|Any CPU.ActiveCfg = Release|Any CPU
		{A5F6D920-E0C8-40FC-A66F-9E3F3D220726}.Release|Any CPU.Build.0 = Release|Any CPU
	EndGlobalSection
	GlobalSection(SolutionProperties) = preSolution
		HideSolutionNode = FALSE
	EndGlobalSection
	GlobalSection(NestedProjects) = preSolution
		{268F67FB-056D-4843-8823-19A5F7848271} = {DD846C49-D774-4EC7-ADEB-92226A786A05}
		{EC846D1B-22B5-4CED-B0CB-778EBFEE1C33} = {003F7774-8202-4837-8C40-72297F3876C1}
		{42F02E44-15EA-4581-824E-426233AC8489} = {5B7E86EF-5F2F-4ED8-9213-08BA409A32E4}
		{10AE3EDD-2B1E-43F3-9799-24EBD7DF024B} = {02EA681E-C7D8-13C7-8484-4AC65E1B71E8}
		{8596AFDC-8584-43B2-962D-0812771A4E8E} = {10AE3EDD-2B1E-43F3-9799-24EBD7DF024B}
		{5B7E86EF-5F2F-4ED8-9213-08BA409A32E4} = {02EA681E-C7D8-13C7-8484-4AC65E1B71E8}
		{18AB2FC8-51EC-4961-BB44-7CF4C41AB1AE} = {7E9FF68F-430B-4FEE-9F5E-9911ACDA2AB4}
		{A5F6D920-E0C8-40FC-A66F-9E3F3D220726} = {18AB2FC8-51EC-4961-BB44-7CF4C41AB1AE}
	EndGlobalSection
	GlobalSection(ExtensibilityGlobals) = postSolution
		SolutionGuid = {9D4C1340-FBC4-4F35-944F-26237883E032}
	EndGlobalSection
EndGlobal
